
Microsoft Visual Studio Solution File, Format Version 12.00
# Visual Studio Version 17
VisualStudioVersion = 17.7.34221.43
MinimumVisualStudioVersion = 10.0.40219.1
Project("{FAE04EC0-301F-11D3-BF4B-00C04F79EFBC}") = "BlazorSubPathSample.Server", "BlazorSubPathSample\Server\BlazorSubPathSample.Server.csproj", "{4C069487-5785-4F90-9BB0-1C239E95B062}"
EndProject
Project("{FAE04EC0-301F-11D3-BF4B-00C04F79EFBC}") = "BlazorSubPathSample.Client", "BlazorSubPathSample\Client\BlazorSubPathSample.Client.csproj", "{9B581DEF-65D8-43CE-A2F7-2A65BD4DB2DE}"
EndProject
Project("{FAE04EC0-301F-11D3-BF4B-00C04F79EFBC}") = "BlazorSubPathSample.Shared", "BlazorSubPathSample\Shared\BlazorSubPathSample.Shared.csproj", "{E71689F9-8B43-422E-BF76-00534CE8836D}"
EndProject
Global
	GlobalSection(SolutionConfigurationPlatforms) = preSolution
		Debug|Any CPU = Debug|Any CPU
		Release|Any CPU = Release|Any CPU
	EndGlobalSection
	GlobalSection(ProjectConfigurationPlatforms) = postSolution
		{4C069487-5785-4F90-9BB0-1C239E95B062}.Debug|Any CPU.ActiveCfg = Debug|Any CPU
		{4C069487-5785-4F90-9BB0-1C239E95B062}.Debug|Any CPU.Build.0 = Debug|Any CPU
		{4C069487-5785-4F90-9BB0-1C239E95B062}.Release|Any CPU.ActiveCfg = Release|Any CPU
		{4C069487-5785-4F90-9BB0-1C239E95B062}.Release|Any CPU.Build.0 = Release|Any CPU
		{9B581DEF-65D8-43CE-A2F7-2A65BD4DB2DE}.Debug|Any CPU.ActiveCfg = Debug|Any CPU
		{9B581DEF-65D8-43CE-A2F7-2A65BD4DB2DE}.Debug|Any CPU.Build.0 = Debug|Any CPU
		{9B581DEF-65D8-43CE-A2F7-2A65BD4DB2DE}.Release|Any CPU.ActiveCfg = Release|Any CPU
		{9B581DEF-65D8-43CE-A2F7-2A65BD4DB2DE}.Release|Any CPU.Build.0 = Release|Any CPU
		{E71689F9-8B43-422E-BF76-00534CE8836D}.Debug|Any CPU.ActiveCfg = Debug|Any CPU
		{E71689F9-8B43-422E-BF76-00534CE8836D}.Debug|Any CPU.Build.0 = Debug|Any CPU
		{E71689F9-8B43-422E-BF76-00534CE8836D}.Release|Any CPU.ActiveCfg = Release|Any CPU
		{E71689F9-8B43-422E-BF76-00534CE8836D}.Release|Any CPU.Build.0 = Release|Any CPU
	EndGlobalSection
	GlobalSection(SolutionProperties) = preSolution
		HideSolutionNode = FALSE
	EndGlobalSection
	GlobalSection(ExtensibilityGlobals) = postSolution
		SolutionGuid = {585F2A44-40A1-447D-A572-926974CF8356}
	EndGlobalSection
EndGlobal
